<Solution>
  <Folder Name="/Tests/">
    <Project Path="Users.Application.Tests/Users.Application.Tests.csproj" />
    <Project Path="Users.Domain.Tests/Users.Domain.Tests.csproj" />
    <Project Path="Users.Persistence.Tests/Users.Persistence.Tests.csproj" Id="2a1482a0-6dee-491b-9124-20af7630ae6c" />
  </Folder>
  <Project Path="Users.Application/Users.Application.csproj" />
  <Project Path="Users.Domain/Users.Domain.csproj" />
  <Project Path="Users.Persistence/Users.Persistence.csproj" Id="1cb80e15-4576-436e-9aaa-99ea5c45012d" />
  <Project Path="Users.WebAPI/Users.WebAPI.csproj" Id="805fc2db-45df-4aaa-b1af-cb30e9d2150c" />
</Solution>
